
Microsoft Visual Studio Solution File, Format Version 12.00
# Visual Studio Version 17
VisualStudioVersion = 17.9.34902.65
MinimumVisualStudioVersion = 10.0.40219.1
Project("{FAE04EC0-301F-11D3-BF4B-00C04F79EFBC}") = "Basic_Paint_App", "Basic_Paint_App.csproj", "{5A1E81B7-0454-414D-8B41-C550F866874E}"
EndProject
Global
	GlobalSection(SolutionConfigurationPlatforms) = preSolution
		Debug|Any CPU = Debug|Any CPU
		Release|Any CPU = Release|Any CPU
	EndGlobalSection
	GlobalSection(ProjectConfigurationPlatforms) = postSolution
		{5A1E81B7-0454-414D-8B41-C550F866874E}.Debug|Any CPU.ActiveCfg = Debug|Any CPU
		{5A1E81B7-0454-414D-8B41-C550F866874E}.Debug|Any CPU.Build.0 = Debug|Any CPU
		{5A1E81B7-0454-414D-8B41-C550F866874E}.Release|Any CPU.ActiveCfg = Release|Any CPU
		{5A1E81B7-0454-414D-8B41-C550F866874E}.Release|Any CPU.Build.0 = Release|Any CPU
	EndGlobalSection
	GlobalSection(SolutionProperties) = preSolution
		HideSolutionNode = FALSE
	EndGlobalSection
	GlobalSection(ExtensibilityGlobals) = postSolution
		SolutionGuid = {78C6BD34-6513-462F-A21C-A06305910D9A}
	EndGlobalSection
EndGlobal
